
Microsoft Visual Studio Solution File, Format Version 12.00
# Visual Studio Version 17
VisualStudioVersion = 17.9.34607.119
MinimumVisualStudioVersion = 10.0.40219.1
Project("{8BC9CEB8-8B4A-11D0-8D11-00A0C91BC942}") = "Chess v5.0", "Chess v5.0\Chess v5.0.vcxproj", "{3EA11DB2-17FD-487A-98F2-14CD43D2114D}"
EndProject
Project("{54435603-DBB4-11D2-8724-00A0C9A8B90C}") = "Chess", "Installer\Chess\Chess.vdproj", "{6A3AE382-342D-48A7-AFA4-5B2684384BF9}"
EndProject
Global
	GlobalSection(SolutionConfigurationPlatforms) = preSolution
		Debug|x64 = Debug|x64
		Debug|x86 = Debug|x86
		Release|x64 = Release|x64
		Release|x86 = Release|x86
	EndGlobalSection
	GlobalSection(ProjectConfigurationPlatforms) = postSolution
		{3EA11DB2-17FD-487A-98F2-14CD43D2114D}.Debug|x64.ActiveCfg = Debug|x64
		{3EA11DB2-17FD-487A-98F2-14CD43D2114D}.Debug|x64.Build.0 = Debug|x64
		{3EA11DB2-17FD-487A-98F2-14CD43D2114D}.Debug|x86.ActiveCfg = Debug|Win32
		{3EA11DB2-17FD-487A-98F2-14CD43D2114D}.Debug|x86.Build.0 = Debug|Win32
		{3EA11DB2-17FD-487A-98F2-14CD43D2114D}.Release|x64.ActiveCfg = Release|x64
		{3EA11DB2-17FD-487A-98F2-14CD43D2114D}.Release|x64.Build.0 = Release|x64
		{3EA11DB2-17FD-487A-98F2-14CD43D2114D}.Release|x86.ActiveCfg = Release|Win32
		{3EA11DB2-17FD-487A-98F2-14CD43D2114D}.Release|x86.Build.0 = Release|Win32
		{6A3AE382-342D-48A7-AFA4-5B2684384BF9}.Debug|x64.ActiveCfg = Debug
		{6A3AE382-342D-48A7-AFA4-5B2684384BF9}.Debug|x86.ActiveCfg = Debug
		{6A3AE382-342D-48A7-AFA4-5B2684384BF9}.Release|x64.ActiveCfg = Release
		{6A3AE382-342D-48A7-AFA4-5B2684384BF9}.Release|x86.ActiveCfg = Release
	EndGlobalSection
	GlobalSection(SolutionProperties) = preSolution
		HideSolutionNode = FALSE
	EndGlobalSection
	GlobalSection(ExtensibilityGlobals) = postSolution
		SolutionGuid = {00C08C40-D257-4DE9-A36E-42E12E40B72E}
	EndGlobalSection
EndGlobal
