<?xml version="1.0" encoding="utf-8"?>
<Project ToolsVersion="4.0" xmlns="http://schemas.microsoft.com/developer/msbuild/2003">
  <ItemGroup>
    <Filter Include="Source Files">
      <UniqueIdentifier>{4FC737F1-C7A5-4376-A066-2A32D752A2FF}</UniqueIdentifier>
      <Extensions>cpp;c;cc;cxx;c++;cppm;ixx;def;odl;idl;hpj;bat;asm;asmx</Extensions>
    </Filter>
    <Filter Include="Header Files">
      <UniqueIdentifier>{93995380-89BD-4b04-88EB-625FBE52EBFB}</UniqueIdentifier>
      <Extensions>h;hh;hpp;hxx;h++;hm;inl;inc;ipp;xsd</Extensions>
    </Filter>
    <Filter Include="Resource Files">
      <UniqueIdentifier>{67DA6AB6-F800-4c08-8B7A-83BB121AAD01}</UniqueIdentifier>
      <Extensions>rc;ico;cur;bmp;dlg;rc2;rct;bin;rgs;gif;jpg;jpeg;jpe;resx;tiff;tif;png;wav;mfcribbon-ms</Extensions>
    </Filter>
    <Filter Include="Fonts">
      <UniqueIdentifier>{a09d2a75-001a-4d62-a737-25b5723c8de6}</UniqueIdentifier>
    </Filter>
  </ItemGroup>
  <ItemGroup>
    <ClCompile Include="src\Board\ChessBoard.cpp">
      <Filter>Source Files</Filter>
    </ClCompile>
    <ClCompile Include="src\Engine\ChessEngine.cpp">
      <Filter>Source Files</Filter>
    </ClCompile>
    <ClCompile Include="src\Engine\TranspositionTables.cpp">
      <Filter>Source Files</Filter>
    </ClCompile>
    <ClCompile Include="src\Other\BoardStats.cpp">
      <Filter>Source Files</Filter>
    </ClCompile>
    <ClCompile Include="src\Other\Flags.cpp">
      <Filter>Source Files</Filter>
    </ClCompile>
    <ClCompile Include="src\Other\GameModes.cpp">
      <Filter>Source Files</Filter>
    </ClCompile>
    <ClCompile Include="src\Other\GlobalVariables.cpp">
      <Filter>Source Files</Filter>
    </ClCompile>
    <ClCompile Include="src\Other\ReadWrite.cpp">
      <Filter>Source Files</Filter>
    </ClCompile>
    <ClCompile Include="src\Other\User.cpp">
      <Filter>Source Files</Filter>
    </ClCompile>
    <ClCompile Include="src\Pieces\ChessPiece.cpp">
      <Filter>Source Files</Filter>
    </ClCompile>
    <ClCompile Include="src\main\main.cpp">
      <Filter>Source Files</Filter>
    </ClCompile>
    <ClCompile Include="src\Other\Menu.cpp">
      <Filter>Source Files</Filter>
    </ClCompile>
    <ClCompile Include="src\Board\GraphicalBoard.cpp">
      <Filter>Source Files</Filter>
    </ClCompile>
    <ClCompile Include="src\Pieces\Pieces.cpp">
      <Filter>Source Files</Filter>
    </ClCompile>
  </ItemGroup>
  <ItemGroup>
    <ClInclude Include="headers\Board\ChessBoard.h">
      <Filter>Header Files</Filter>
    </ClInclude>
    <ClInclude Include="headers\Engine\ChessEngine.h">
      <Filter>Header Files</Filter>
    </ClInclude>
    <ClInclude Include="headers\Engine\TranspositionTables.h">
      <Filter>Header Files</Filter>
    </ClInclude>
    <ClInclude Include="headers\Other\BoardStats.h">
      <Filter>Header Files</Filter>
    </ClInclude>
    <ClInclude Include="headers\Other\Flags.h">
      <Filter>Header Files</Filter>
    </ClInclude>
    <ClInclude Include="headers\Other\GameModes.h">
      <Filter>Header Files</Filter>
    </ClInclude>
    <ClInclude Include="headers\Other\GlobalVariables.h">
      <Filter>Header Files</Filter>
    </ClInclude>
    <ClInclude Include="headers\Other\ReadWrite.h">
      <Filter>Header Files</Filter>
    </ClInclude>
    <ClInclude Include="headers\Other\Resources.h">
      <Filter>Header Files</Filter>
    </ClInclude>
    <ClInclude Include="headers\Other\User.h">
      <Filter>Header Files</Filter>
    </ClInclude>
    <ClInclude Include="headers\Pieces\ChessPiece.h">
      <Filter>Header Files</Filter>
    </ClInclude>
    <ClInclude Include="headers\Pieces\PieceCodes.h">
      <Filter>Header Files</Filter>
    </ClInclude>
    <ClInclude Include="headers\Engine\PieceSquareTables.h">
      <Filter>Header Files</Filter>
    </ClInclude>
    <ClInclude Include="headers\Other\Menu.h">
      <Filter>Header Files</Filter>
    </ClInclude>
    <ClInclude Include="headers\Pieces\Pieces.h">
      <Filter>Header Files</Filter>
    </ClInclude>
    <ClInclude Include="headers\Board\GraphicalBoard.h">
      <Filter>Header Files</Filter>
    </ClInclude>
  </ItemGroup>
  <ItemGroup>
    <Media Include="Resources\Audio\ChessPieceCaptured.wav">
      <Filter>Resource Files</Filter>
    </Media>
    <Media Include="Resources\Audio\ChessPiecePlaced.wav">
      <Filter>Resource Files</Filter>
    </Media>
    <Media Include="Resources\Audio\GameEnd.wav">
      <Filter>Resource Files</Filter>
    </Media>
    <Media Include="Resources\Audio\GameStart.wav">
      <Filter>Resource Files</Filter>
    </Media>
    <Media Include="Resources\Audio\KingChecked.wav">
      <Filter>Resource Files</Filter>
    </Media>
    <Media Include="Resources\Audio\OponentPiecePlaced.wav">
      <Filter>Resource Files</Filter>
    </Media>
  </ItemGroup>
  <ItemGroup>
    <Image Include="Resources\BlackPieces\17.png">
      <Filter>Resource Files</Filter>
    </Image>
    <Image Include="Resources\BlackPieces\18.png">
      <Filter>Resource Files</Filter>
    </Image>
    <Image Include="Resources\BlackPieces\19.png">
      <Filter>Resource Files</Filter>
    </Image>
    <Image Include="Resources\BlackPieces\20.png">
      <Filter>Resource Files</Filter>
    </Image>
    <Image Include="Resources\BlackPieces\21.png">
      <Filter>Resource Files</Filter>
    </Image>
    <Image Include="Resources\BlackPieces\22.png">
      <Filter>Resource Files</Filter>
    </Image>
    <Image Include="Resources\WhitePieces\9.png">
      <Filter>Resource Files</Filter>
    </Image>
    <Image Include="Resources\WhitePieces\10.png">
      <Filter>Resource Files</Filter>
    </Image>
    <Image Include="Resources\WhitePieces\11.png">
      <Filter>Resource Files</Filter>
    </Image>
    <Image Include="Resources\WhitePieces\12.png">
      <Filter>Resource Files</Filter>
    </Image>
    <Image Include="Resources\WhitePieces\13.png">
      <Filter>Resource Files</Filter>
    </Image>
    <Image Include="Resources\WhitePieces\14.png">
      <Filter>Resource Files</Filter>
    </Image>
  </ItemGroup>
  <ItemGroup>
    <Font Include="Resources\Fonts\Roboto\Roboto-ThinItalic.ttf">
      <Filter>Fonts</Filter>
    </Font>
    <Font Include="Resources\Fonts\Roboto\Roboto-Black.ttf">
      <Filter>Fonts</Filter>
    </Font>
    <Font Include="Resources\Fonts\Roboto\Roboto-BlackItalic.ttf">
      <Filter>Fonts</Filter>
    </Font>
    <Font Include="Resources\Fonts\Roboto\Roboto-Bold.ttf">
      <Filter>Fonts</Filter>
    </Font>
    <Font Include="Resources\Fonts\Roboto\Roboto-BoldItalic.ttf">
      <Filter>Fonts</Filter>
    </Font>
    <Font Include="Resources\Fonts\Roboto\Roboto-Italic.ttf">
      <Filter>Fonts</Filter>
    </Font>
    <Font Include="Resources\Fonts\Roboto\Roboto-Light.ttf">
      <Filter>Fonts</Filter>
    </Font>
    <Font Include="Resources\Fonts\Roboto\Roboto-LightItalic.ttf">
      <Filter>Fonts</Filter>
    </Font>
    <Font Include="Resources\Fonts\Roboto\Roboto-Medium.ttf">
      <Filter>Fonts</Filter>
    </Font>
    <Font Include="Resources\Fonts\Roboto\Roboto-MediumItalic.ttf">
      <Filter>Fonts</Filter>
    </Font>
    <Font Include="Resources\Fonts\Roboto\Roboto-Regular.ttf">
      <Filter>Fonts</Filter>
    </Font>
    <Font Include="Resources\Fonts\Roboto\Roboto-Thin.ttf">
      <Filter>Fonts</Filter>
    </Font>
  </ItemGroup>
  <ItemGroup>
    <Text Include="Resources\Fonts\Roboto\LICENSE.txt">
      <Filter>Fonts</Filter>
    </Text>
  </ItemGroup>
</Project>